// !$*UTF8*$!
{
	archiveVersion = 1;
	classes = {
	};
	objectVersion = 46;
	objects = {

/* Begin PBXBuildFile section */
		0541B4E6756F2A9B91013378 /* Pods_TtroCurrencyCalculatorSample.framework in Frameworks */ = {isa = PBXBuildFile; fileRef = 1BFE2FC1DEEDE64C6600A3E4 /* Pods_TtroCurrencyCalculatorSample.framework */; };
		755131D61DF966FE00EE10D1 /* AppDelegate.swift in Sources */ = {isa = PBXBuildFile; fileRef = 755131D51DF966FE00EE10D1 /* AppDelegate.swift */; };
		755131D81DF966FE00EE10D1 /* ViewController.swift in Sources */ = {isa = PBXBuildFile; fileRef = 755131D71DF966FE00EE10D1 /* ViewController.swift */; };
		755131DB1DF966FE00EE10D1 /* Main.storyboard in Resources */ = {isa = PBXBuildFile; fileRef = 755131D91DF966FE00EE10D1 /* Main.storyboard */; };
		755131DD1DF966FE00EE10D1 /* Assets.xcassets in Resources */ = {isa = PBXBuildFile; fileRef = 755131DC1DF966FE00EE10D1 /* Assets.xcassets */; };
		755131E01DF966FE00EE10D1 /* LaunchScreen.storyboard in Resources */ = {isa = PBXBuildFile; fileRef = 755131DE1DF966FE00EE10D1 /* LaunchScreen.storyboard */; };
		755132011DF971FF00EE10D1 /* TtroCurrencyCalculator.framework in Frameworks */ = {isa = PBXBuildFile; fileRef = 755132001DF971FF00EE10D1 /* TtroCurrencyCalculator.framework */; };
		756E22891E4C517C00F7A163 /* SourceSansPro-Black.ttf in Resources */ = {isa = PBXBuildFile; fileRef = 756E227F1E4C517C00F7A163 /* SourceSansPro-Black.ttf */; };
		756E228A1E4C517C00F7A163 /* SourceSansPro-Bold.ttf in Resources */ = {isa = PBXBuildFile; fileRef = 756E22801E4C517C00F7A163 /* SourceSansPro-Bold.ttf */; };
		756E228B1E4C517C00F7A163 /* SourceSansPro-ExtraLight.ttf in Resources */ = {isa = PBXBuildFile; fileRef = 756E22811E4C517C00F7A163 /* SourceSansPro-ExtraLight.ttf */; };
		756E228C1E4C517C00F7A163 /* SourceSansPro-Semibold.ttf in Resources */ = {isa = PBXBuildFile; fileRef = 756E22821E4C517C00F7A163 /* SourceSansPro-Semibold.ttf */; };
		756E228D1E4C517C00F7A163 /* SourceSansPro-Light.ttf in Resources */ = {isa = PBXBuildFile; fileRef = 756E22831E4C517C00F7A163 /* SourceSansPro-Light.ttf */; };
		756E228E1E4C517C00F7A163 /* SourceSansPro-Regular.ttf in Resources */ = {isa = PBXBuildFile; fileRef = 756E22841E4C517C00F7A163 /* SourceSansPro-Regular.ttf */; };
		756E228F1E4C517C00F7A163 /* BNazanin_1.ttf in Resources */ = {isa = PBXBuildFile; fileRef = 756E22851E4C517C00F7A163 /* BNazanin_1.ttf */; };
		756E22901E4C517C00F7A163 /* BNaznnBd_1.ttf in Resources */ = {isa = PBXBuildFile; fileRef = 756E22861E4C517C00F7A163 /* BNaznnBd_1.ttf */; };
		756E22911E4C517C00F7A163 /* AdobeArabic-Bold.otf in Resources */ = {isa = PBXBuildFile; fileRef = 756E22871E4C517C00F7A163 /* AdobeArabic-Bold.otf */; };
		756E22921E4C517C00F7A163 /* AdobeArabic-Regular.otf in Resources */ = {isa = PBXBuildFile; fileRef = 756E22881E4C517C00F7A163 /* AdobeArabic-Regular.otf */; };
		75B27DF81E6C025C0033D02A /* Model.xcdatamodeld in Sources */ = {isa = PBXBuildFile; fileRef = 75B27DF61E6C025C0033D02A /* Model.xcdatamodeld */; };
/* End PBXBuildFile section */

/* Begin PBXFileReference section */
		1BFE2FC1DEEDE64C6600A3E4 /* Pods_TtroCurrencyCalculatorSample.framework */ = {isa = PBXFileReference; explicitFileType = wrapper.framework; includeInIndex = 0; path = Pods_TtroCurrencyCalculatorSample.framework; sourceTree = BUILT_PRODUCTS_DIR; };
		755131D21DF966FE00EE10D1 /* TtroCurrencyCalculatorSample.app */ = {isa = PBXFileReference; explicitFileType = wrapper.application; includeInIndex = 0; path = TtroCurrencyCalculatorSample.app; sourceTree = BUILT_PRODUCTS_DIR; };
		755131D51DF966FE00EE10D1 /* AppDelegate.swift */ = {isa = PBXFileReference; lastKnownFileType = sourcecode.swift; path = AppDelegate.swift; sourceTree = "<group>"; };
		755131D71DF966FE00EE10D1 /* ViewController.swift */ = {isa = PBXFileReference; lastKnownFileType = sourcecode.swift; path = ViewController.swift; sourceTree = "<group>"; };
		755131DA1DF966FE00EE10D1 /* Base */ = {isa = PBXFileReference; lastKnownFileType = file.storyboard; name = Base; path = Base.lproj/Main.storyboard; sourceTree = "<group>"; };
		755131DC1DF966FE00EE10D1 /* Assets.xcassets */ = {isa = PBXFileReference; lastKnownFileType = folder.assetcatalog; path = Assets.xcassets; sourceTree = "<group>"; };
		755131DF1DF966FE00EE10D1 /* Base */ = {isa = PBXFileReference; lastKnownFileType = file.storyboard; name = Base; path = Base.lproj/LaunchScreen.storyboard; sourceTree = "<group>"; };
		755131E11DF966FE00EE10D1 /* Info.plist */ = {isa = PBXFileReference; lastKnownFileType = text.plist.xml; path = Info.plist; sourceTree = "<group>"; };
		755132001DF971FF00EE10D1 /* TtroCurrencyCalculator.framework */ = {isa = PBXFileReference; lastKnownFileType = wrapper.framework; name = TtroCurrencyCalculator.framework; path = "../build/Debug-iphoneos/TtroCurrencyCalculator.framework"; sourceTree = "<group>"; };
		756E227F1E4C517C00F7A163 /* SourceSansPro-Black.ttf */ = {isa = PBXFileReference; lastKnownFileType = file; path = "SourceSansPro-Black.ttf"; sourceTree = "<group>"; };
		756E22801E4C517C00F7A163 /* SourceSansPro-Bold.ttf */ = {isa = PBXFileReference; lastKnownFileType = file; path = "SourceSansPro-Bold.ttf"; sourceTree = "<group>"; };
		756E22811E4C517C00F7A163 /* SourceSansPro-ExtraLight.ttf */ = {isa = PBXFileReference; lastKnownFileType = file; path = "SourceSansPro-ExtraLight.ttf"; sourceTree = "<group>"; };
		756E22821E4C517C00F7A163 /* SourceSansPro-Semibold.ttf */ = {isa = PBXFileReference; lastKnownFileType = file; path = "SourceSansPro-Semibold.ttf"; sourceTree = "<group>"; };
		756E22831E4C517C00F7A163 /* SourceSansPro-Light.ttf */ = {isa = PBXFileReference; lastKnownFileType = file; path = "SourceSansPro-Light.ttf"; sourceTree = "<group>"; };
		756E22841E4C517C00F7A163 /* SourceSansPro-Regular.ttf */ = {isa = PBXFileReference; lastKnownFileType = file; path = "SourceSansPro-Regular.ttf"; sourceTree = "<group>"; };
		756E22851E4C517C00F7A163 /* BNazanin_1.ttf */ = {isa = PBXFileReference; lastKnownFileType = file; path = BNazanin_1.ttf; sourceTree = "<group>"; };
		756E22861E4C517C00F7A163 /* BNaznnBd_1.ttf */ = {isa = PBXFileReference; lastKnownFileType = file; path = BNaznnBd_1.ttf; sourceTree = "<group>"; };
		756E22871E4C517C00F7A163 /* AdobeArabic-Bold.otf */ = {isa = PBXFileReference; lastKnownFileType = file; path = "AdobeArabic-Bold.otf"; sourceTree = "<group>"; };
		756E22881E4C517C00F7A163 /* AdobeArabic-Regular.otf */ = {isa = PBXFileReference; lastKnownFileType = file; path = "AdobeArabic-Regular.otf"; sourceTree = "<group>"; };
		75B27DF71E6C025C0033D02A /* Model.xcdatamodel */ = {isa = PBXFileReference; lastKnownFileType = wrapper.xcdatamodel; path = Model.xcdatamodel; sourceTree = "<group>"; };
		75C81275FB9A98E9A5B82CBD /* Pods-TtroCurrencyCalculatorSample.release.xcconfig */ = {isa = PBXFileReference; includeInIndex = 1; lastKnownFileType = text.xcconfig; name = "Pods-TtroCurrencyCalculatorSample.release.xcconfig"; path = "Pods/Target Support Files/Pods-TtroCurrencyCalculatorSample/Pods-TtroCurrencyCalculatorSample.release.xcconfig"; sourceTree = "<group>"; };
		C9CA2785F9063D3348A931DB /* Pods-TtroCurrencyCalculatorSample.debug.xcconfig */ = {isa = PBXFileReference; includeInIndex = 1; lastKnownFileType = text.xcconfig; name = "Pods-TtroCurrencyCalculatorSample.debug.xcconfig"; path = "Pods/Target Support Files/Pods-TtroCurrencyCalculatorSample/Pods-TtroCurrencyCalculatorSample.debug.xcconfig"; sourceTree = "<group>"; };
/* End PBXFileReference section */

/* Begin PBXFrameworksBuildPhase section */
		755131CF1DF966FE00EE10D1 /* Frameworks */ = {
			isa = PBXFrameworksBuildPhase;
			buildActionMask = 2147483647;
			files = (
				755132011DF971FF00EE10D1 /* TtroCurrencyCalculator.framework in Frameworks */,
				0541B4E6756F2A9B91013378 /* Pods_TtroCurrencyCalculatorSample.framework in Frameworks */,
			);
			runOnlyForDeploymentPostprocessing = 0;
		};
/* End PBXFrameworksBuildPhase section */

/* Begin PBXGroup section */
		755131C91DF966FE00EE10D1 = {
			isa = PBXGroup;
			children = (
				755131D41DF966FE00EE10D1 /* TtroCurrencyCalculatorSample */,
				755131D31DF966FE00EE10D1 /* Products */,
				755131E71DF9671D00EE10D1 /* Frameworks */,
				D01E9B95E5A132922D9F8BBA /* Pods */,
			);
			sourceTree = "<group>";
		};
		755131D31DF966FE00EE10D1 /* Products */ = {
			isa = PBXGroup;
			children = (
				755131D21DF966FE00EE10D1 /* TtroCurrencyCalculatorSample.app */,
			);
			name = Products;
			sourceTree = "<group>";
		};
		755131D41DF966FE00EE10D1 /* TtroCurrencyCalculatorSample */ = {
			isa = PBXGroup;
			children = (
				756E22931E4C518300F7A163 /* Resources */,
				755131D51DF966FE00EE10D1 /* AppDelegate.swift */,
				755131D71DF966FE00EE10D1 /* ViewController.swift */,
				755131D91DF966FE00EE10D1 /* Main.storyboard */,
				755131DC1DF966FE00EE10D1 /* Assets.xcassets */,
				755131DE1DF966FE00EE10D1 /* LaunchScreen.storyboard */,
				755131E11DF966FE00EE10D1 /* Info.plist */,
				75B27DF61E6C025C0033D02A /* Model.xcdatamodeld */,
			);
			path = TtroCurrencyCalculatorSample;
			sourceTree = "<group>";
		};
		755131E71DF9671D00EE10D1 /* Frameworks */ = {
			isa = PBXGroup;
			children = (
				755132001DF971FF00EE10D1 /* TtroCurrencyCalculator.framework */,
				1BFE2FC1DEEDE64C6600A3E4 /* Pods_TtroCurrencyCalculatorSample.framework */,
			);
			name = Frameworks;
			sourceTree = "<group>";
		};
		756E22931E4C518300F7A163 /* Resources */ = {
			isa = PBXGroup;
			children = (
				756E227F1E4C517C00F7A163 /* SourceSansPro-Black.ttf */,
				756E22801E4C517C00F7A163 /* SourceSansPro-Bold.ttf */,
				756E22811E4C517C00F7A163 /* SourceSansPro-ExtraLight.ttf */,
				756E22821E4C517C00F7A163 /* SourceSansPro-Semibold.ttf */,
				756E22831E4C517C00F7A163 /* SourceSansPro-Light.ttf */,
				756E22841E4C517C00F7A163 /* SourceSansPro-Regular.ttf */,
				756E22851E4C517C00F7A163 /* BNazanin_1.ttf */,
				756E22861E4C517C00F7A163 /* BNaznnBd_1.ttf */,
				756E22871E4C517C00F7A163 /* AdobeArabic-Bold.otf */,
				756E22881E4C517C00F7A163 /* AdobeArabic-Regular.otf */,
			);
			name = Resources;
			sourceTree = "<group>";
		};
		D01E9B95E5A132922D9F8BBA /* Pods */ = {
			isa = PBXGroup;
			children = (
				C9CA2785F9063D3348A931DB /* Pods-TtroCurrencyCalculatorSample.debug.xcconfig */,
				75C81275FB9A98E9A5B82CBD /* Pods-TtroCurrencyCalculatorSample.release.xcconfig */,
			);
			name = Pods;
			sourceTree = "<group>";
		};
/* End PBXGroup section */

/* Begin PBXNativeTarget section */
		755131D11DF966FE00EE10D1 /* TtroCurrencyCalculatorSample */ = {
			isa = PBXNativeTarget;
			buildConfigurationList = 755131E41DF966FE00EE10D1 /* Build configuration list for PBXNativeTarget "TtroCurrencyCalculatorSample" */;
			buildPhases = (
				A42DE6D020D206EDD7E7D77B /* [CP] Check Pods Manifest.lock */,
				755131CE1DF966FE00EE10D1 /* Sources */,
				755131CF1DF966FE00EE10D1 /* Frameworks */,
				755131D01DF966FE00EE10D1 /* Resources */,
				5007149394B0192BA33ED2AC /* [CP] Embed Pods Frameworks */,
				47F41E2F07ED715F6B87EFEB /* [CP] Copy Pods Resources */,
			);
			buildRules = (
			);
			dependencies = (
			);
			name = TtroCurrencyCalculatorSample;
			productName = TtroCurrencyCalculatorSample;
			productReference = 755131D21DF966FE00EE10D1 /* TtroCurrencyCalculatorSample.app */;
			productType = "com.apple.product-type.application";
		};
/* End PBXNativeTarget section */

/* Begin PBXProject section */
		755131CA1DF966FE00EE10D1 /* Project object */ = {
			isa = PBXProject;
			attributes = {
				LastSwiftUpdateCheck = 0810;
				LastUpgradeCheck = 0820;
				ORGANIZATIONNAME = ParsPay;
				TargetAttributes = {
					755131D11DF966FE00EE10D1 = {
						CreatedOnToolsVersion = 8.1;
						DevelopmentTeam = F53V3ZJV96;
						ProvisioningStyle = Automatic;
					};
				};
			};
			buildConfigurationList = 755131CD1DF966FE00EE10D1 /* Build configuration list for PBXProject "TtroCurrencyCalculatorSample" */;
			compatibilityVersion = "Xcode 3.2";
			developmentRegion = English;
			hasScannedForEncodings = 0;
			knownRegions = (
				en,
				Base,
			);
			mainGroup = 755131C91DF966FE00EE10D1;
			productRefGroup = 755131D31DF966FE00EE10D1 /* Products */;
			projectDirPath = "";
			projectRoot = "";
			targets = (
				755131D11DF966FE00EE10D1 /* TtroCurrencyCalculatorSample */,
			);
		};
/* End PBXProject section */

/* Begin PBXResourcesBuildPhase section */
		755131D01DF966FE00EE10D1 /* Resources */ = {
			isa = PBXResourcesBuildPhase;
			buildActionMask = 2147483647;
			files = (
				756E22901E4C517C00F7A163 /* BNaznnBd_1.ttf in Resources */,
				756E228B1E4C517C00F7A163 /* SourceSansPro-ExtraLight.ttf in Resources */,
				756E22891E4C517C00F7A163 /* SourceSansPro-Black.ttf in Resources */,
				756E228C1E4C517C00F7A163 /* SourceSansPro-Semibold.ttf in Resources */,
				756E228F1E4C517C00F7A163 /* BNazanin_1.ttf in Resources */,
				755131E01DF966FE00EE10D1 /* LaunchScreen.storyboard in Resources */,
				756E22911E4C517C00F7A163 /* AdobeArabic-Bold.otf in Resources */,
				756E228A1E4C517C00F7A163 /* SourceSansPro-Bold.ttf in Resources */,
				755131DD1DF966FE00EE10D1 /* Assets.xcassets in Resources */,
				755131DB1DF966FE00EE10D1 /* Main.storyboard in Resources */,
				756E228D1E4C517C00F7A163 /* SourceSansPro-Light.ttf in Resources */,
				756E22921E4C517C00F7A163 /* AdobeArabic-Regular.otf in Resources */,
				756E228E1E4C517C00F7A163 /* SourceSansPro-Regular.ttf in Resources */,
			);
			runOnlyForDeploymentPostprocessing = 0;
		};
/* End PBXResourcesBuildPhase section */

/* Begin PBXShellScriptBuildPhase section */
		47F41E2F07ED715F6B87EFEB /* [CP] Copy Pods Resources */ = {
			isa = PBXShellScriptBuildPhase;
			buildActionMask = 2147483647;
			files = (
			);
			inputPaths = (
			);
			name = "[CP] Copy Pods Resources";
			outputPaths = (
			);
			runOnlyForDeploymentPostprocessing = 0;
			shellPath = /bin/sh;
			shellScript = "\"${SRCROOT}/Pods/Target Support Files/Pods-TtroCurrencyCalculatorSample/Pods-TtroCurrencyCalculatorSample-resources.sh\"\n";
			showEnvVarsInLog = 0;
		};
		5007149394B0192BA33ED2AC /* [CP] Embed Pods Frameworks */ = {
			isa = PBXShellScriptBuildPhase;
			buildActionMask = 2147483647;
			files = (
			);
			inputPaths = (
			);
			name = "[CP] Embed Pods Frameworks";
			outputPaths = (
			);
			runOnlyForDeploymentPostprocessing = 0;
			shellPath = /bin/sh;
			shellScript = "\"${SRCROOT}/Pods/Target Support Files/Pods-TtroCurrencyCalculatorSample/Pods-TtroCurrencyCalculatorSample-frameworks.sh\"\n";
			showEnvVarsInLog = 0;
		};
		A42DE6D020D206EDD7E7D77B /* [CP] Check Pods Manifest.lock */ = {
			isa = PBXShellScriptBuildPhase;
			buildActionMask = 2147483647;
			files = (
			);
			inputPaths = (
			);
			name = "[CP] Check Pods Manifest.lock";
			outputPaths = (
			);
			runOnlyForDeploymentPostprocessing = 0;
			shellPath = /bin/sh;
			shellScript = "diff \"${PODS_ROOT}/../Podfile.lock\" \"${PODS_ROOT}/Manifest.lock\" > /dev/null\nif [ $? != 0 ] ; then\n    # print error to STDERR\n    echo \"error: The sandbox is not in sync with the Podfile.lock. Run 'pod install' or update your CocoaPods installation.\" >&2\n    exit 1\nfi\n";
			showEnvVarsInLog = 0;
		};
/* End PBXShellScriptBuildPhase section */

/* Begin PBXSourcesBuildPhase section */
		755131CE1DF966FE00EE10D1 /* Sources */ = {
			isa = PBXSourcesBuildPhase;
			buildActionMask = 2147483647;
			files = (
				755131D81DF966FE00EE10D1 /* ViewController.swift in Sources */,
				755131D61DF966FE00EE10D1 /* AppDelegate.swift in Sources */,
				75B27DF81E6C025C0033D02A /* Model.xcdatamodeld in Sources */,
			);
			runOnlyForDeploymentPostprocessing = 0;
		};
/* End PBXSourcesBuildPhase section */

/* Begin PBXVariantGroup section */
		755131D91DF966FE00EE10D1 /* Main.storyboard */ = {
			isa = PBXVariantGroup;
			children = (
				755131DA1DF966FE00EE10D1 /* Base */,
			);
			name = Main.storyboard;
			sourceTree = "<group>";
		};
		755131DE1DF966FE00EE10D1 /* LaunchScreen.storyboard */ = {
			isa = PBXVariantGroup;
			children = (
				755131DF1DF966FE00EE10D1 /* Base */,
			);
			name = LaunchScreen.storyboard;
			sourceTree = "<group>";
		};
/* End PBXVariantGroup section */

/* Begin XCBuildConfiguration section */
		755131E21DF966FE00EE10D1 /* Debug */ = {
			isa = XCBuildConfiguration;
			buildSettings = {
				ALWAYS_SEARCH_USER_PATHS = NO;
				CLANG_ANALYZER_NONNULL = YES;
				CLANG_CXX_LANGUAGE_STANDARD = "gnu++0x";
				CLANG_CXX_LIBRARY = "libc++";
				CLANG_ENABLE_MODULES = YES;
				CLANG_ENABLE_OBJC_ARC = YES;
				CLANG_WARN_BOOL_CONVERSION = YES;
				CLANG_WARN_CONSTANT_CONVERSION = YES;
				CLANG_WARN_DIRECT_OBJC_ISA_USAGE = YES_ERROR;
				CLANG_WARN_DOCUMENTATION_COMMENTS = YES;
				CLANG_WARN_EMPTY_BODY = YES;
				CLANG_WARN_ENUM_CONVERSION = YES;
				CLANG_WARN_INFINITE_RECURSION = YES;
				CLANG_WARN_INT_CONVERSION = YES;
				CLANG_WARN_OBJC_ROOT_CLASS = YES_ERROR;
				CLANG_WARN_SUSPICIOUS_MOVE = YES;
				CLANG_WARN_SUSPICIOUS_MOVES = YES;
				CLANG_WARN_UNREACHABLE_CODE = YES;
				CLANG_WARN__DUPLICATE_METHOD_MATCH = YES;
				"CODE_SIGN_IDENTITY[sdk=iphoneos*]" = "iPhone Developer";
				COPY_PHASE_STRIP = NO;
				DEBUG_INFORMATION_FORMAT = dwarf;
				ENABLE_STRICT_OBJC_MSGSEND = YES;
				ENABLE_TESTABILITY = YES;
				GCC_C_LANGUAGE_STANDARD = gnu99;
				GCC_DYNAMIC_NO_PIC = NO;
				GCC_NO_COMMON_BLOCKS = YES;
				GCC_OPTIMIZATION_LEVEL = 0;
				GCC_PREPROCESSOR_DEFINITIONS = (
					"DEBUG=1",
					"$(inherited)",
				);
				GCC_WARN_64_TO_32_BIT_CONVERSION = YES;
				GCC_WARN_ABOUT_RETURN_TYPE = YES_ERROR;
				GCC_WARN_UNDECLARED_SELECTOR = YES;
				GCC_WARN_UNINITIALIZED_AUTOS = YES_AGGRESSIVE;
				GCC_WARN_UNUSED_FUNCTION = YES;
				GCC_WARN_UNUSED_VARIABLE = YES;
				IPHONEOS_DEPLOYMENT_TARGET = 10.1;
				MTL_ENABLE_DEBUG_INFO = YES;
				ONLY_ACTIVE_ARCH = YES;
				SDKROOT = iphoneos;
				SWIFT_ACTIVE_COMPILATION_CONDITIONS = DEBUG;
				SWIFT_OPTIMIZATION_LEVEL = "-Onone";
			};
			name = Debug;
		};
		755131E31DF966FE00EE10D1 /* Release */ = {
			isa = XCBuildConfiguration;
			buildSettings = {
				ALWAYS_SEARCH_USER_PATHS = NO;
				CLANG_ANALYZER_NONNULL = YES;
				CLANG_CXX_LANGUAGE_STANDARD = "gnu++0x";
				CLANG_CXX_LIBRARY = "libc++";
				CLANG_ENABLE_MODULES = YES;
				CLANG_ENABLE_OBJC_ARC = YES;
				CLANG_WARN_BOOL_CONVERSION = YES;
				CLANG_WARN_CONSTANT_CONVERSION = YES;
				CLANG_WARN_DIRECT_OBJC_ISA_USAGE = YES_ERROR;
				CLANG_WARN_DOCUMENTATION_COMMENTS = YES;
				CLANG_WARN_EMPTY_BODY = YES;
				CLANG_WARN_ENUM_CONVERSION = YES;
				CLANG_WARN_INFINITE_RECURSION = YES;
				CLANG_WARN_INT_CONVERSION = YES;
				CLANG_WARN_OBJC_ROOT_CLASS = YES_ERROR;
				CLANG_WARN_SUSPICIOUS_MOVE = YES;
				CLANG_WARN_SUSPICIOUS_MOVES = YES;
				CLANG_WARN_UNREACHABLE_CODE = YES;
				CLANG_WARN__DUPLICATE_METHOD_MATCH = YES;
				"CODE_SIGN_IDENTITY[sdk=iphoneos*]" = "iPhone Developer";
				COPY_PHASE_STRIP = NO;
				DEBUG_INFORMATION_FORMAT = "dwarf-with-dsym";
				ENABLE_NS_ASSERTIONS = NO;
				ENABLE_STRICT_OBJC_MSGSEND = YES;
				GCC_C_LANGUAGE_STANDARD = gnu99;
				GCC_NO_COMMON_BLOCKS = YES;
				GCC_WARN_64_TO_32_BIT_CONVERSION = YES;
				GCC_WARN_ABOUT_RETURN_TYPE = YES_ERROR;
				GCC_WARN_UNDECLARED_SELECTOR = YES;
				GCC_WARN_UNINITIALIZED_AUTOS = YES_AGGRESSIVE;
				GCC_WARN_UNUSED_FUNCTION = YES;
				GCC_WARN_UNUSED_VARIABLE = YES;
				IPHONEOS_DEPLOYMENT_TARGET = 10.1;
				MTL_ENABLE_DEBUG_INFO = NO;
				SDKROOT = iphoneos;
				SWIFT_OPTIMIZATION_LEVEL = "-Owholemodule";
				VALIDATE_PRODUCT = YES;
			};
			name = Release;
		};
		755131E51DF966FE00EE10D1 /* Debug */ = {
			isa = XCBuildConfiguration;
			baseConfigurationReference = C9CA2785F9063D3348A931DB /* Pods-TtroCurrencyCalculatorSample.debug.xcconfig */;
			buildSettings = {
				ASSETCATALOG_COMPILER_APPICON_NAME = AppIcon;
				DEVELOPMENT_TEAM = F53V3ZJV96;
				INFOPLIST_FILE = TtroCurrencyCalculatorSample/Info.plist;
				IPHONEOS_DEPLOYMENT_TARGET = 10.0;
				LD_RUNPATH_SEARCH_PATHS = "$(inherited) @executable_path/Frameworks";
				PRODUCT_BUNDLE_IDENTIFIER = ParsPay.TtroCurrencyCalculatorSample;
				PRODUCT_NAME = "$(TARGET_NAME)";
				SWIFT_VERSION = 3.0;
			};
			name = Debug;
		};
		755131E61DF966FE00EE10D1 /* Release */ = {
			isa = XCBuildConfiguration;
			baseConfigurationReference = 75C81275FB9A98E9A5B82CBD /* Pods-TtroCurrencyCalculatorSample.release.xcconfig */;
			buildSettings = {
				ASSETCATALOG_COMPILER_APPICON_NAME = AppIcon;
				DEVELOPMENT_TEAM = F53V3ZJV96;
				INFOPLIST_FILE = TtroCurrencyCalculatorSample/Info.plist;
				IPHONEOS_DEPLOYMENT_TARGET = 10.0;
				LD_RUNPATH_SEARCH_PATHS = "$(inherited) @executable_path/Frameworks";
				PRODUCT_BUNDLE_IDENTIFIER = ParsPay.TtroCurrencyCalculatorSample;
				PRODUCT_NAME = "$(TARGET_NAME)";
				SWIFT_VERSION = 3.0;
			};
			name = Release;
		};
/* End XCBuildConfiguration section */

/* Begin XCConfigurationList section */
		755131CD1DF966FE00EE10D1 /* Build configuration list for PBXProject "TtroCurrencyCalculatorSample" */ = {
			isa = XCConfigurationList;
			buildConfigurations = (
				755131E21DF966FE00EE10D1 /* Debug */,
				755131E31DF966FE00EE10D1 /* Release */,
			);
			defaultConfigurationIsVisible = 0;
			defaultConfigurationName = Release;
		};
		755131E41DF966FE00EE10D1 /* Build configuration list for PBXNativeTarget "TtroCurrencyCalculatorSample" */ = {
			isa = XCConfigurationList;
			buildConfigurations = (
				755131E51DF966FE00EE10D1 /* Debug */,
				755131E61DF966FE00EE10D1 /* Release */,
			);
			defaultConfigurationIsVisible = 0;
			defaultConfigurationName = Release;
		};
/* End XCConfigurationList section */

/* Begin XCVersionGroup section */
		75B27DF61E6C025C0033D02A /* Model.xcdatamodeld */ = {
			isa = XCVersionGroup;
			children = (
				75B27DF71E6C025C0033D02A /* Model.xcdatamodel */,
			);
			currentVersion = 75B27DF71E6C025C0033D02A /* Model.xcdatamodel */;
			path = Model.xcdatamodeld;
			sourceTree = "<group>";
			versionGroupType = wrapper.xcdatamodel;
		};
/* End XCVersionGroup section */
	};
	rootObject = 755131CA1DF966FE00EE10D1 /* Project object */;
}
